// !$*UTF8*$!
{
	archiveVersion = 1;
	classes = {
	};
	objectVersion = 56;
	objects = {

/* Begin PBXBuildFile section */
		93F6D9E32BA0C8E4002FE335 /* ItineraryAppApp.swift in Sources */ = {isa = PBXBuildFile; fileRef = 93F6D9E22BA0C8E4002FE335 /* ItineraryAppApp.swift */; };
		93F6D9E52BA0C8E4002FE335 /* ContentView.swift in Sources */ = {isa = PBXBuildFile; fileRef = 93F6D9E42BA0C8E4002FE335 /* ContentView.swift */; };
		93F6D9E72BA0C8E5002FE335 /* Assets.xcassets in Resources */ = {isa = PBXBuildFile; fileRef = 93F6D9E62BA0C8E5002FE335 /* Assets.xcassets */; };
		93F6D9EA2BA0C8E5002FE335 /* Preview Assets.xcassets in Resources */ = {isa = PBXBuildFile; fileRef = 93F6D9E92BA0C8E5002FE335 /* Preview Assets.xcassets */; };
		93F6D9F22BA0C99E002FE335 /* Trip.swift in Sources */ = {isa = PBXBuildFile; fileRef = 93F6D9F12BA0C99E002FE335 /* Trip.swift */; };
		93F6D9F42BA0CAAE002FE335 /* TripDay.swift in Sources */ = {isa = PBXBuildFile; fileRef = 93F6D9F32BA0CAAE002FE335 /* TripDay.swift */; };
		93F6D9F62BA0CAD9002FE335 /* DaySight.swift in Sources */ = {isa = PBXBuildFile; fileRef = 93F6D9F52BA0CAD9002FE335 /* DaySight.swift */; };
		93F6D9F82BA0CD56002FE335 /* TripTask.swift in Sources */ = {isa = PBXBuildFile; fileRef = 93F6D9F72BA0CD56002FE335 /* TripTask.swift */; };
		93F6D9FB2BA0E40F002FE335 /* TripTestUIView.swift in Sources */ = {isa = PBXBuildFile; fileRef = 93F6D9FA2BA0E40F002FE335 /* TripTestUIView.swift */; };
		93F6D9FE2BA10517002FE335 /* TripDetailsView.swift in Sources */ = {isa = PBXBuildFile; fileRef = 93F6D9FD2BA10517002FE335 /* TripDetailsView.swift */; };
		93F6DA002BA10525002FE335 /* AddTripView.swift in Sources */ = {isa = PBXBuildFile; fileRef = 93F6D9FF2BA10525002FE335 /* AddTripView.swift */; };
		93F6DA022BA10531002FE335 /* EditTripView.swift in Sources */ = {isa = PBXBuildFile; fileRef = 93F6DA012BA10531002FE335 /* EditTripView.swift */; };
		93F6DA052BA17DF0002FE335 /* CheckListView.swift in Sources */ = {isa = PBXBuildFile; fileRef = 93F6DA042BA17DF0002FE335 /* CheckListView.swift */; };
		93F6DA072BA17DFC002FE335 /* AddTaskView.swift in Sources */ = {isa = PBXBuildFile; fileRef = 93F6DA062BA17DFC002FE335 /* AddTaskView.swift */; };
		93F6DA092BA17E07002FE335 /* EditTaskView.swift in Sources */ = {isa = PBXBuildFile; fileRef = 93F6DA082BA17E07002FE335 /* EditTaskView.swift */; };
		93F6DA0C2BA184A5002FE335 /* DayView.swift in Sources */ = {isa = PBXBuildFile; fileRef = 93F6DA0B2BA184A5002FE335 /* DayView.swift */; };
		93F6DA0E2BA184B1002FE335 /* AddSightView.swift in Sources */ = {isa = PBXBuildFile; fileRef = 93F6DA0D2BA184B1002FE335 /* AddSightView.swift */; };
		93F6DA102BA184BC002FE335 /* EditSightView.swift in Sources */ = {isa = PBXBuildFile; fileRef = 93F6DA0F2BA184BC002FE335 /* EditSightView.swift */; };
		93F6DA162BA2DE42002FE335 /* AddDayView.swift in Sources */ = {isa = PBXBuildFile; fileRef = 93F6DA152BA2DE42002FE335 /* AddDayView.swift */; };
		93F6DA182BA2DE4E002FE335 /* EditDayView.swift in Sources */ = {isa = PBXBuildFile; fileRef = 93F6DA172BA2DE4E002FE335 /* EditDayView.swift */; };
		93F6DA1A2BA2DE77002FE335 /* DayListView.swift in Sources */ = {isa = PBXBuildFile; fileRef = 93F6DA192BA2DE77002FE335 /* DayListView.swift */; };
		93F6DA1C2BA2DE84002FE335 /* SightListView.swift in Sources */ = {isa = PBXBuildFile; fileRef = 93F6DA1B2BA2DE84002FE335 /* SightListView.swift */; };
		93F6DA222BA39672002FE335 /* BackgroundView.swift in Sources */ = {isa = PBXBuildFile; fileRef = 93F6DA212BA39672002FE335 /* BackgroundView.swift */; };
		93F6DA242BA3CE97002FE335 /* BackgroudTestView.swift in Sources */ = {isa = PBXBuildFile; fileRef = 93F6DA232BA3CE97002FE335 /* BackgroudTestView.swift */; };
/* End PBXBuildFile section */

/* Begin PBXFileReference section */
		93F6D9DF2BA0C8E4002FE335 /* ItineraryApp.app */ = {isa = PBXFileReference; explicitFileType = wrapper.application; includeInIndex = 0; path = ItineraryApp.app; sourceTree = BUILT_PRODUCTS_DIR; };
		93F6D9E22BA0C8E4002FE335 /* ItineraryAppApp.swift */ = {isa = PBXFileReference; lastKnownFileType = sourcecode.swift; path = ItineraryAppApp.swift; sourceTree = "<group>"; };
		93F6D9E42BA0C8E4002FE335 /* ContentView.swift */ = {isa = PBXFileReference; lastKnownFileType = sourcecode.swift; path = ContentView.swift; sourceTree = "<group>"; };
		93F6D9E62BA0C8E5002FE335 /* Assets.xcassets */ = {isa = PBXFileReference; lastKnownFileType = folder.assetcatalog; path = Assets.xcassets; sourceTree = "<group>"; };
		93F6D9E92BA0C8E5002FE335 /* Preview Assets.xcassets */ = {isa = PBXFileReference; lastKnownFileType = folder.assetcatalog; path = "Preview Assets.xcassets"; sourceTree = "<group>"; };
		93F6D9F12BA0C99E002FE335 /* Trip.swift */ = {isa = PBXFileReference; lastKnownFileType = sourcecode.swift; path = Trip.swift; sourceTree = "<group>"; };
		93F6D9F32BA0CAAE002FE335 /* TripDay.swift */ = {isa = PBXFileReference; lastKnownFileType = sourcecode.swift; path = TripDay.swift; sourceTree = "<group>"; };
		93F6D9F52BA0CAD9002FE335 /* DaySight.swift */ = {isa = PBXFileReference; lastKnownFileType = sourcecode.swift; path = DaySight.swift; sourceTree = "<group>"; };
		93F6D9F72BA0CD56002FE335 /* TripTask.swift */ = {isa = PBXFileReference; lastKnownFileType = sourcecode.swift; path = TripTask.swift; sourceTree = "<group>"; };
		93F6D9FA2BA0E40F002FE335 /* TripTestUIView.swift */ = {isa = PBXFileReference; lastKnownFileType = sourcecode.swift; path = TripTestUIView.swift; sourceTree = "<group>"; };
		93F6D9FD2BA10517002FE335 /* TripDetailsView.swift */ = {isa = PBXFileReference; lastKnownFileType = sourcecode.swift; path = TripDetailsView.swift; sourceTree = "<group>"; };
		93F6D9FF2BA10525002FE335 /* AddTripView.swift */ = {isa = PBXFileReference; lastKnownFileType = sourcecode.swift; path = AddTripView.swift; sourceTree = "<group>"; };
		93F6DA012BA10531002FE335 /* EditTripView.swift */ = {isa = PBXFileReference; lastKnownFileType = sourcecode.swift; path = EditTripView.swift; sourceTree = "<group>"; };
		93F6DA042BA17DF0002FE335 /* CheckListView.swift */ = {isa = PBXFileReference; lastKnownFileType = sourcecode.swift; path = CheckListView.swift; sourceTree = "<group>"; };
		93F6DA062BA17DFC002FE335 /* AddTaskView.swift */ = {isa = PBXFileReference; lastKnownFileType = sourcecode.swift; path = AddTaskView.swift; sourceTree = "<group>"; };
		93F6DA082BA17E07002FE335 /* EditTaskView.swift */ = {isa = PBXFileReference; lastKnownFileType = sourcecode.swift; path = EditTaskView.swift; sourceTree = "<group>"; };
		93F6DA0B2BA184A5002FE335 /* DayView.swift */ = {isa = PBXFileReference; lastKnownFileType = sourcecode.swift; path = DayView.swift; sourceTree = "<group>"; };
		93F6DA0D2BA184B1002FE335 /* AddSightView.swift */ = {isa = PBXFileReference; lastKnownFileType = sourcecode.swift; path = AddSightView.swift; sourceTree = "<group>"; };
		93F6DA0F2BA184BC002FE335 /* EditSightView.swift */ = {isa = PBXFileReference; lastKnownFileType = sourcecode.swift; path = EditSightView.swift; sourceTree = "<group>"; };
		93F6DA152BA2DE42002FE335 /* AddDayView.swift */ = {isa = PBXFileReference; lastKnownFileType = sourcecode.swift; path = AddDayView.swift; sourceTree = "<group>"; };
		93F6DA172BA2DE4E002FE335 /* EditDayView.swift */ = {isa = PBXFileReference; lastKnownFileType = sourcecode.swift; path = EditDayView.swift; sourceTree = "<group>"; };
		93F6DA192BA2DE77002FE335 /* DayListView.swift */ = {isa = PBXFileReference; lastKnownFileType = sourcecode.swift; path = DayListView.swift; sourceTree = "<group>"; };
		93F6DA1B2BA2DE84002FE335 /* SightListView.swift */ = {isa = PBXFileReference; lastKnownFileType = sourcecode.swift; path = SightListView.swift; sourceTree = "<group>"; };
		93F6DA212BA39672002FE335 /* BackgroundView.swift */ = {isa = PBXFileReference; lastKnownFileType = sourcecode.swift; path = BackgroundView.swift; sourceTree = "<group>"; };
		93F6DA232BA3CE97002FE335 /* BackgroudTestView.swift */ = {isa = PBXFileReference; lastKnownFileType = sourcecode.swift; path = BackgroudTestView.swift; sourceTree = "<group>"; };
/* End PBXFileReference section */

/* Begin PBXFrameworksBuildPhase section */
		93F6D9DC2BA0C8E4002FE335 /* Frameworks */ = {
			isa = PBXFrameworksBuildPhase;
			buildActionMask = 2147483647;
			files = (
			);
			runOnlyForDeploymentPostprocessing = 0;
		};
/* End PBXFrameworksBuildPhase section */

/* Begin PBXGroup section */
		93F6D9D62BA0C8E4002FE335 = {
			isa = PBXGroup;
			children = (
				93F6D9E12BA0C8E4002FE335 /* ItineraryApp */,
				93F6D9E02BA0C8E4002FE335 /* Products */,
			);
			sourceTree = "<group>";
		};
		93F6D9E02BA0C8E4002FE335 /* Products */ = {
			isa = PBXGroup;
			children = (
				93F6D9DF2BA0C8E4002FE335 /* ItineraryApp.app */,
			);
			name = Products;
			sourceTree = "<group>";
		};
		93F6D9E12BA0C8E4002FE335 /* ItineraryApp */ = {
			isa = PBXGroup;
			children = (
				93F6D9F92BA0E3FA002FE335 /* TestViews */,
				93F6D9F02BA0C992002FE335 /* Model */,
				93F6D9E22BA0C8E4002FE335 /* ItineraryAppApp.swift */,
				93F6D9E42BA0C8E4002FE335 /* ContentView.swift */,
				93F6DA032BA17DC9002FE335 /* Itinerary List */,
				93F6DA0A2BA18492002FE335 /* DayView */,
				93F6D9FC2BA104F6002FE335 /* Main Screen */,
				93F6D9E62BA0C8E5002FE335 /* Assets.xcassets */,
				93F6D9E82BA0C8E5002FE335 /* Preview Content */,
				93F6DA212BA39672002FE335 /* BackgroundView.swift */,
			);
			path = ItineraryApp;
			sourceTree = "<group>";
		};
		93F6D9E82BA0C8E5002FE335 /* Preview Content */ = {
			isa = PBXGroup;
			children = (
				93F6D9E92BA0C8E5002FE335 /* Preview Assets.xcassets */,
			);
			path = "Preview Content";
			sourceTree = "<group>";
		};
		93F6D9F02BA0C992002FE335 /* Model */ = {
			isa = PBXGroup;
			children = (
				93F6D9F12BA0C99E002FE335 /* Trip.swift */,
				93F6D9F32BA0CAAE002FE335 /* TripDay.swift */,
				93F6D9F52BA0CAD9002FE335 /* DaySight.swift */,
				93F6D9F72BA0CD56002FE335 /* TripTask.swift */,
			);
			path = Model;
			sourceTree = "<group>";
		};
		93F6D9F92BA0E3FA002FE335 /* TestViews */ = {
			isa = PBXGroup;
			children = (
				93F6D9FA2BA0E40F002FE335 /* TripTestUIView.swift */,
				93F6DA232BA3CE97002FE335 /* BackgroudTestView.swift */,
			);
			path = TestViews;
			sourceTree = "<group>";
		};
		93F6D9FC2BA104F6002FE335 /* Main Screen */ = {
			isa = PBXGroup;
			children = (
				93F6D9FD2BA10517002FE335 /* TripDetailsView.swift */,
				93F6D9FF2BA10525002FE335 /* AddTripView.swift */,
				93F6DA012BA10531002FE335 /* EditTripView.swift */,
			);
			path = "Main Screen";
			sourceTree = "<group>";
		};
		93F6DA032BA17DC9002FE335 /* Itinerary List */ = {
			isa = PBXGroup;
			children = (
				93F6DA042BA17DF0002FE335 /* CheckListView.swift */,
				93F6DA062BA17DFC002FE335 /* AddTaskView.swift */,
				93F6DA082BA17E07002FE335 /* EditTaskView.swift */,
			);
			path = "Itinerary List";
			sourceTree = "<group>";
		};
		93F6DA0A2BA18492002FE335 /* DayView */ = {
			isa = PBXGroup;
			children = (
				93F6DA0B2BA184A5002FE335 /* DayView.swift */,
				93F6DA1E2BA2DE8D002FE335 /* Sight */,
				93F6DA1D2BA2DE88002FE335 /* Day */,
			);
			path = DayView;
			sourceTree = "<group>";
		};
		93F6DA1D2BA2DE88002FE335 /* Day */ = {
			isa = PBXGroup;
			children = (
				93F6DA152BA2DE42002FE335 /* AddDayView.swift */,
				93F6DA172BA2DE4E002FE335 /* EditDayView.swift */,
				93F6DA192BA2DE77002FE335 /* DayListView.swift */,
			);
			path = Day;
			sourceTree = "<group>";
		};
		93F6DA1E2BA2DE8D002FE335 /* Sight */ = {
			isa = PBXGroup;
			children = (
				93F6DA0D2BA184B1002FE335 /* AddSightView.swift */,
				93F6DA0F2BA184BC002FE335 /* EditSightView.swift */,
				93F6DA1B2BA2DE84002FE335 /* SightListView.swift */,
			);
			path = Sight;
			sourceTree = "<group>";
		};
/* End PBXGroup section */

/* Begin PBXNativeTarget section */
		93F6D9DE2BA0C8E4002FE335 /* ItineraryApp */ = {
			isa = PBXNativeTarget;
			buildConfigurationList = 93F6D9ED2BA0C8E5002FE335 /* Build configuration list for PBXNativeTarget "ItineraryApp" */;
			buildPhases = (
				93F6D9DB2BA0C8E4002FE335 /* Sources */,
				93F6D9DC2BA0C8E4002FE335 /* Frameworks */,
				93F6D9DD2BA0C8E4002FE335 /* Resources */,
			);
			buildRules = (
			);
			dependencies = (
			);
			name = ItineraryApp;
			productName = ItineraryApp;
			productReference = 93F6D9DF2BA0C8E4002FE335 /* ItineraryApp.app */;
			productType = "com.apple.product-type.application";
		};
/* End PBXNativeTarget section */

/* Begin PBXProject section */
		93F6D9D72BA0C8E4002FE335 /* Project object */ = {
			isa = PBXProject;
			attributes = {
				BuildIndependentTargetsInParallel = 1;
				LastSwiftUpdateCheck = 1530;
				LastUpgradeCheck = 1530;
				TargetAttributes = {
					93F6D9DE2BA0C8E4002FE335 = {
						CreatedOnToolsVersion = 15.3;
					};
				};
			};
			buildConfigurationList = 93F6D9DA2BA0C8E4002FE335 /* Build configuration list for PBXProject "ItineraryApp" */;
			compatibilityVersion = "Xcode 14.0";
			developmentRegion = en;
			hasScannedForEncodings = 0;
			knownRegions = (
				en,
				Base,
			);
			mainGroup = 93F6D9D62BA0C8E4002FE335;
			productRefGroup = 93F6D9E02BA0C8E4002FE335 /* Products */;
			projectDirPath = "";
			projectRoot = "";
			targets = (
				93F6D9DE2BA0C8E4002FE335 /* ItineraryApp */,
			);
		};
/* End PBXProject section */

/* Begin PBXResourcesBuildPhase section */
		93F6D9DD2BA0C8E4002FE335 /* Resources */ = {
			isa = PBXResourcesBuildPhase;
			buildActionMask = 2147483647;
			files = (
				93F6D9EA2BA0C8E5002FE335 /* Preview Assets.xcassets in Resources */,
				93F6D9E72BA0C8E5002FE335 /* Assets.xcassets in Resources */,
			);
			runOnlyForDeploymentPostprocessing = 0;
		};
/* End PBXResourcesBuildPhase section */

/* Begin PBXSourcesBuildPhase section */
		93F6D9DB2BA0C8E4002FE335 /* Sources */ = {
			isa = PBXSourcesBuildPhase;
			buildActionMask = 2147483647;
			files = (
				93F6D9F22BA0C99E002FE335 /* Trip.swift in Sources */,
				93F6DA092BA17E07002FE335 /* EditTaskView.swift in Sources */,
				93F6DA1A2BA2DE77002FE335 /* DayListView.swift in Sources */,
				93F6DA222BA39672002FE335 /* BackgroundView.swift in Sources */,
				93F6D9F82BA0CD56002FE335 /* TripTask.swift in Sources */,
				93F6DA1C2BA2DE84002FE335 /* SightListView.swift in Sources */,
				93F6DA002BA10525002FE335 /* AddTripView.swift in Sources */,
				93F6DA072BA17DFC002FE335 /* AddTaskView.swift in Sources */,
				93F6DA0E2BA184B1002FE335 /* AddSightView.swift in Sources */,
				93F6DA022BA10531002FE335 /* EditTripView.swift in Sources */,
				93F6DA052BA17DF0002FE335 /* CheckListView.swift in Sources */,
				93F6DA0C2BA184A5002FE335 /* DayView.swift in Sources */,
				93F6D9F62BA0CAD9002FE335 /* DaySight.swift in Sources */,
				93F6D9FE2BA10517002FE335 /* TripDetailsView.swift in Sources */,
				93F6D9F42BA0CAAE002FE335 /* TripDay.swift in Sources */,
				93F6DA242BA3CE97002FE335 /* BackgroudTestView.swift in Sources */,
				93F6D9E52BA0C8E4002FE335 /* ContentView.swift in Sources */,
				93F6DA162BA2DE42002FE335 /* AddDayView.swift in Sources */,
				93F6D9FB2BA0E40F002FE335 /* TripTestUIView.swift in Sources */,
				93F6DA102BA184BC002FE335 /* EditSightView.swift in Sources */,
				93F6D9E32BA0C8E4002FE335 /* ItineraryAppApp.swift in Sources */,
				93F6DA182BA2DE4E002FE335 /* EditDayView.swift in Sources */,
			);
			runOnlyForDeploymentPostprocessing = 0;
		};
/* End PBXSourcesBuildPhase section */

/* Begin XCBuildConfiguration section */
		93F6D9EB2BA0C8E5002FE335 /* Debug */ = {
			isa = XCBuildConfiguration;
			buildSettings = {
				ALWAYS_SEARCH_USER_PATHS = NO;
				ASSETCATALOG_COMPILER_GENERATE_SWIFT_ASSET_SYMBOL_EXTENSIONS = YES;
				CLANG_ANALYZER_NONNULL = YES;
				CLANG_ANALYZER_NUMBER_OBJECT_CONVERSION = YES_AGGRESSIVE;
				CLANG_CXX_LANGUAGE_STANDARD = "gnu++20";
				CLANG_ENABLE_MODULES = YES;
				CLANG_ENABLE_OBJC_ARC = YES;
				CLANG_ENABLE_OBJC_WEAK = YES;
				CLANG_WARN_BLOCK_CAPTURE_AUTORELEASING = YES;
				CLANG_WARN_BOOL_CONVERSION = YES;
				CLANG_WARN_COMMA = YES;
				CLANG_WARN_CONSTANT_CONVERSION = YES;
				CLANG_WARN_DEPRECATED_OBJC_IMPLEMENTATIONS = YES;
				CLANG_WARN_DIRECT_OBJC_ISA_USAGE = YES_ERROR;
				CLANG_WARN_DOCUMENTATION_COMMENTS = YES;
				CLANG_WARN_EMPTY_BODY = YES;
				CLANG_WARN_ENUM_CONVERSION = YES;
				CLANG_WARN_INFINITE_RECURSION = YES;
				CLANG_WARN_INT_CONVERSION = YES;
				CLANG_WARN_NON_LITERAL_NULL_CONVERSION = YES;
				CLANG_WARN_OBJC_IMPLICIT_RETAIN_SELF = YES;
				CLANG_WARN_OBJC_LITERAL_CONVERSION = YES;
				CLANG_WARN_OBJC_ROOT_CLASS = YES_ERROR;
				CLANG_WARN_QUOTED_INCLUDE_IN_FRAMEWORK_HEADER = YES;
				CLANG_WARN_RANGE_LOOP_ANALYSIS = YES;
				CLANG_WARN_STRICT_PROTOTYPES = YES;
				CLANG_WARN_SUSPICIOUS_MOVE = YES;
				CLANG_WARN_UNGUARDED_AVAILABILITY = YES_AGGRESSIVE;
				CLANG_WARN_UNREACHABLE_CODE = YES;
				CLANG_WARN__DUPLICATE_METHOD_MATCH = YES;
				COPY_PHASE_STRIP = NO;
				DEBUG_INFORMATION_FORMAT = dwarf;
				ENABLE_STRICT_OBJC_MSGSEND = YES;
				ENABLE_TESTABILITY = YES;
				ENABLE_USER_SCRIPT_SANDBOXING = YES;
				GCC_C_LANGUAGE_STANDARD = gnu17;
				GCC_DYNAMIC_NO_PIC = NO;
				GCC_NO_COMMON_BLOCKS = YES;
				GCC_OPTIMIZATION_LEVEL = 0;
				GCC_PREPROCESSOR_DEFINITIONS = (
					"DEBUG=1",
					"$(inherited)",
				);
				GCC_WARN_64_TO_32_BIT_CONVERSION = YES;
				GCC_WARN_ABOUT_RETURN_TYPE = YES_ERROR;
				GCC_WARN_UNDECLARED_SELECTOR = YES;
				GCC_WARN_UNINITIALIZED_AUTOS = YES_AGGRESSIVE;
				GCC_WARN_UNUSED_FUNCTION = YES;
				GCC_WARN_UNUSED_VARIABLE = YES;
				IPHONEOS_DEPLOYMENT_TARGET = 17.4;
				LOCALIZATION_PREFERS_STRING_CATALOGS = YES;
				MTL_ENABLE_DEBUG_INFO = INCLUDE_SOURCE;
				MTL_FAST_MATH = YES;
				ONLY_ACTIVE_ARCH = YES;
				SDKROOT = iphoneos;
				SWIFT_ACTIVE_COMPILATION_CONDITIONS = "DEBUG $(inherited)";
				SWIFT_OPTIMIZATION_LEVEL = "-Onone";
			};
			name = Debug;
		};
		93F6D9EC2BA0C8E5002FE335 /* Release */ = {
			isa = XCBuildConfiguration;
			buildSettings = {
				ALWAYS_SEARCH_USER_PATHS = NO;
				ASSETCATALOG_COMPILER_GENERATE_SWIFT_ASSET_SYMBOL_EXTENSIONS = YES;
				CLANG_ANALYZER_NONNULL = YES;
				CLANG_ANALYZER_NUMBER_OBJECT_CONVERSION = YES_AGGRESSIVE;
				CLANG_CXX_LANGUAGE_STANDARD = "gnu++20";
				CLANG_ENABLE_MODULES = YES;
				CLANG_ENABLE_OBJC_ARC = YES;
				CLANG_ENABLE_OBJC_WEAK = YES;
				CLANG_WARN_BLOCK_CAPTURE_AUTORELEASING = YES;
				CLANG_WARN_BOOL_CONVERSION = YES;
				CLANG_WARN_COMMA = YES;
				CLANG_WARN_CONSTANT_CONVERSION = YES;
				CLANG_WARN_DEPRECATED_OBJC_IMPLEMENTATIONS = YES;
				CLANG_WARN_DIRECT_OBJC_ISA_USAGE = YES_ERROR;
				CLANG_WARN_DOCUMENTATION_COMMENTS = YES;
				CLANG_WARN_EMPTY_BODY = YES;
				CLANG_WARN_ENUM_CONVERSION = YES;
				CLANG_WARN_INFINITE_RECURSION = YES;
				CLANG_WARN_INT_CONVERSION = YES;
				CLANG_WARN_NON_LITERAL_NULL_CONVERSION = YES;
				CLANG_WARN_OBJC_IMPLICIT_RETAIN_SELF = YES;
				CLANG_WARN_OBJC_LITERAL_CONVERSION = YES;
				CLANG_WARN_OBJC_ROOT_CLASS = YES_ERROR;
				CLANG_WARN_QUOTED_INCLUDE_IN_FRAMEWORK_HEADER = YES;
				CLANG_WARN_RANGE_LOOP_ANALYSIS = YES;
				CLANG_WARN_STRICT_PROTOTYPES = YES;
				CLANG_WARN_SUSPICIOUS_MOVE = YES;
				CLANG_WARN_UNGUARDED_AVAILABILITY = YES_AGGRESSIVE;
				CLANG_WARN_UNREACHABLE_CODE = YES;
				CLANG_WARN__DUPLICATE_METHOD_MATCH = YES;
				COPY_PHASE_STRIP = NO;
				DEBUG_INFORMATION_FORMAT = "dwarf-with-dsym";
				ENABLE_NS_ASSERTIONS = NO;
				ENABLE_STRICT_OBJC_MSGSEND = YES;
				ENABLE_USER_SCRIPT_SANDBOXING = YES;
				GCC_C_LANGUAGE_STANDARD = gnu17;
				GCC_NO_COMMON_BLOCKS = YES;
				GCC_WARN_64_TO_32_BIT_CONVERSION = YES;
				GCC_WARN_ABOUT_RETURN_TYPE = YES_ERROR;
				GCC_WARN_UNDECLARED_SELECTOR = YES;
				GCC_WARN_UNINITIALIZED_AUTOS = YES_AGGRESSIVE;
				GCC_WARN_UNUSED_FUNCTION = YES;
				GCC_WARN_UNUSED_VARIABLE = YES;
				IPHONEOS_DEPLOYMENT_TARGET = 17.4;
				LOCALIZATION_PREFERS_STRING_CATALOGS = YES;
				MTL_ENABLE_DEBUG_INFO = NO;
				MTL_FAST_MATH = YES;
				SDKROOT = iphoneos;
				SWIFT_COMPILATION_MODE = wholemodule;
				VALIDATE_PRODUCT = YES;
			};
			name = Release;
		};
		93F6D9EE2BA0C8E5002FE335 /* Debug */ = {
			isa = XCBuildConfiguration;
			buildSettings = {
				ASSETCATALOG_COMPILER_APPICON_NAME = AppIcon;
				ASSETCATALOG_COMPILER_GLOBAL_ACCENT_COLOR_NAME = AccentColor;
				CODE_SIGN_STYLE = Automatic;
				CURRENT_PROJECT_VERSION = 1;
				DEVELOPMENT_ASSET_PATHS = "\"ItineraryApp/Preview Content\"";
				DEVELOPMENT_TEAM = 25QN4T657Y;
				ENABLE_PREVIEWS = YES;
				GENERATE_INFOPLIST_FILE = YES;
				INFOPLIST_KEY_CFBundleDisplayName = "Explorer's Path";
				INFOPLIST_KEY_LSApplicationCategoryType = "public.app-category.travel";
				INFOPLIST_KEY_UIApplicationSceneManifest_Generation = YES;
				INFOPLIST_KEY_UIApplicationSupportsIndirectInputEvents = YES;
				INFOPLIST_KEY_UILaunchScreen_Generation = YES;
				INFOPLIST_KEY_UISupportedInterfaceOrientations_iPad = "UIInterfaceOrientationPortrait UIInterfaceOrientationPortraitUpsideDown UIInterfaceOrientationLandscapeLeft UIInterfaceOrientationLandscapeRight";
				INFOPLIST_KEY_UISupportedInterfaceOrientations_iPhone = "UIInterfaceOrientationPortrait UIInterfaceOrientationLandscapeLeft UIInterfaceOrientationLandscapeRight";
				LD_RUNPATH_SEARCH_PATHS = (
					"$(inherited)",
					"@executable_path/Frameworks",
				);
				MARKETING_VERSION = 0.1.1;
				PRODUCT_BUNDLE_IDENTIFIER = "Pratik-Patil.ItineraryApp";
				PRODUCT_NAME = "$(TARGET_NAME)";
				SWIFT_EMIT_LOC_STRINGS = YES;
				SWIFT_VERSION = 5.0;
				TARGETED_DEVICE_FAMILY = "1,2";
			};
			name = Debug;
		};
		93F6D9EF2BA0C8E5002FE335 /* Release */ = {
			isa = XCBuildConfiguration;
			buildSettings = {
				ASSETCATALOG_COMPILER_APPICON_NAME = AppIcon;
				ASSETCATALOG_COMPILER_GLOBAL_ACCENT_COLOR_NAME = AccentColor;
				CODE_SIGN_STYLE = Automatic;
				CURRENT_PROJECT_VERSION = 1;
				DEVELOPMENT_ASSET_PATHS = "\"ItineraryApp/Preview Content\"";
				DEVELOPMENT_TEAM = 25QN4T657Y;
				ENABLE_PREVIEWS = YES;
				GENERATE_INFOPLIST_FILE = YES;
				INFOPLIST_KEY_CFBundleDisplayName = "Explorer's Path";
				INFOPLIST_KEY_LSApplicationCategoryType = "public.app-category.travel";
				INFOPLIST_KEY_UIApplicationSceneManifest_Generation = YES;
				INFOPLIST_KEY_UIApplicationSupportsIndirectInputEvents = YES;
				INFOPLIST_KEY_UILaunchScreen_Generation = YES;
				INFOPLIST_KEY_UISupportedInterfaceOrientations_iPad = "UIInterfaceOrientationPortrait UIInterfaceOrientationPortraitUpsideDown UIInterfaceOrientationLandscapeLeft UIInterfaceOrientationLandscapeRight";
				INFOPLIST_KEY_UISupportedInterfaceOrientations_iPhone = "UIInterfaceOrientationPortrait UIInterfaceOrientationLandscapeLeft UIInterfaceOrientationLandscapeRight";
				LD_RUNPATH_SEARCH_PATHS = (
					"$(inherited)",
					"@executable_path/Frameworks",
				);
				MARKETING_VERSION = 0.1.1;
				PRODUCT_BUNDLE_IDENTIFIER = "Pratik-Patil.ItineraryApp";
				PRODUCT_NAME = "$(TARGET_NAME)";
				SWIFT_EMIT_LOC_STRINGS = YES;
				SWIFT_VERSION = 5.0;
				TARGETED_DEVICE_FAMILY = "1,2";
			};
			name = Release;
		};
/* End XCBuildConfiguration section */

/* Begin XCConfigurationList section */
		93F6D9DA2BA0C8E4002FE335 /* Build configuration list for PBXProject "ItineraryApp" */ = {
			isa = XCConfigurationList;
			buildConfigurations = (
				93F6D9EB2BA0C8E5002FE335 /* Debug */,
				93F6D9EC2BA0C8E5002FE335 /* Release */,
			);
			defaultConfigurationIsVisible = 0;
			defaultConfigurationName = Release;
		};
		93F6D9ED2BA0C8E5002FE335 /* Build configuration list for PBXNativeTarget "ItineraryApp" */ = {
			isa = XCConfigurationList;
			buildConfigurations = (
				93F6D9EE2BA0C8E5002FE335 /* Debug */,
				93F6D9EF2BA0C8E5002FE335 /* Release */,
			);
			defaultConfigurationIsVisible = 0;
			defaultConfigurationName = Release;
		};
/* End XCConfigurationList section */
	};
	rootObject = 93F6D9D72BA0C8E4002FE335 /* Project object */;
}
